
Microsoft Visual Studio Solution File, Format Version 12.00
# Visual Studio 2015
Project("{FAE04EC0-301F-11D3-BF4B-00C04F79EFBC}") = "TCG Backup.CSharp", "TCG Backup.CSharp.csproj", "{827CC28B-2A2C-D1DC-DB34-0ADF1F4AC77F}"
EndProject
Project("{FAE04EC0-301F-11D3-BF4B-00C04F79EFBC}") = "TCG Backup.CSharp.Editor", "TCG Backup.CSharp.Editor.csproj", "{034820E2-F626-F273-8BF5-E60837DDD66E}"
EndProject
Global
	GlobalSection(SolutionConfigurationPlatforms) = preSolution
		Debug|Any CPU = Debug|Any CPU
		Release|Any CPU = Release|Any CPU
	EndGlobalSection
	GlobalSection(ProjectConfigurationPlatforms) = postSolution
		{827CC28B-2A2C-D1DC-DB34-0ADF1F4AC77F}.Debug|Any CPU.ActiveCfg = Debug|Any CPU
		{827CC28B-2A2C-D1DC-DB34-0ADF1F4AC77F}.Debug|Any CPU.Build.0 = Debug|Any CPU
		{827CC28B-2A2C-D1DC-DB34-0ADF1F4AC77F}.Release|Any CPU.ActiveCfg = Release|Any CPU
		{827CC28B-2A2C-D1DC-DB34-0ADF1F4AC77F}.Release|Any CPU.Build.0 = Release|Any CPU
		{034820E2-F626-F273-8BF5-E60837DDD66E}.Debug|Any CPU.ActiveCfg = Debug|Any CPU
		{034820E2-F626-F273-8BF5-E60837DDD66E}.Debug|Any CPU.Build.0 = Debug|Any CPU
		{034820E2-F626-F273-8BF5-E60837DDD66E}.Release|Any CPU.ActiveCfg = Release|Any CPU
		{034820E2-F626-F273-8BF5-E60837DDD66E}.Release|Any CPU.Build.0 = Release|Any CPU
	EndGlobalSection
	GlobalSection(SolutionProperties) = preSolution
		HideSolutionNode = FALSE
	EndGlobalSection
EndGlobal
